// !$*UTF8*$!
{
	archiveVersion = 1;
	classes = {
	};
	objectVersion = 46;
	objects = {

/* Begin PBXBuildFile section */
		E3243FA41E36176F00AC2921 /* RegisterViewController.swift in Sources */ = {isa = PBXBuildFile; fileRef = E3243FA21E36176F00AC2921 /* RegisterViewController.swift */; };
		E3243FA51E36176F00AC2921 /* RegisterViewController.xib in Resources */ = {isa = PBXBuildFile; fileRef = E3243FA31E36176F00AC2921 /* RegisterViewController.xib */; };
		E33973A21E7D112400EEF5E3 /* ProductDetailViewController.swift in Sources */ = {isa = PBXBuildFile; fileRef = E33973A01E7D112400EEF5E3 /* ProductDetailViewController.swift */; };
		E33973A31E7D112400EEF5E3 /* ProductDetailViewController.xib in Resources */ = {isa = PBXBuildFile; fileRef = E33973A11E7D112400EEF5E3 /* ProductDetailViewController.xib */; };
		E34439AB1E3767AF00493600 /* MapaViewController.swift in Sources */ = {isa = PBXBuildFile; fileRef = E34439A91E3767AF00493600 /* MapaViewController.swift */; };
		E34439AC1E3767AF00493600 /* MapaViewController.xib in Resources */ = {isa = PBXBuildFile; fileRef = E34439AA1E3767AF00493600 /* MapaViewController.xib */; };
		E34439AF1E3767BE00493600 /* NuevoViewController.swift in Sources */ = {isa = PBXBuildFile; fileRef = E34439AD1E3767BE00493600 /* NuevoViewController.swift */; };
		E34439B01E3767BE00493600 /* NuevoViewController.xib in Resources */ = {isa = PBXBuildFile; fileRef = E34439AE1E3767BE00493600 /* NuevoViewController.xib */; };
		E34439B31E3767CE00493600 /* NotifsViewController.swift in Sources */ = {isa = PBXBuildFile; fileRef = E34439B11E3767CE00493600 /* NotifsViewController.swift */; };
		E34439B41E3767CE00493600 /* NotifsViewController.xib in Resources */ = {isa = PBXBuildFile; fileRef = E34439B21E3767CE00493600 /* NotifsViewController.xib */; };
		E34439B71E3767DB00493600 /* PerfilViewController.swift in Sources */ = {isa = PBXBuildFile; fileRef = E34439B51E3767DB00493600 /* PerfilViewController.swift */; };
		E34439B81E3767DB00493600 /* PerfilViewController.xib in Resources */ = {isa = PBXBuildFile; fileRef = E34439B61E3767DB00493600 /* PerfilViewController.xib */; };
		E34439BB1E37692B00493600 /* SearchViewController.swift in Sources */ = {isa = PBXBuildFile; fileRef = E34439B91E37692B00493600 /* SearchViewController.swift */; };
		E34439BC1E37692B00493600 /* SearchViewController.xib in Resources */ = {isa = PBXBuildFile; fileRef = E34439BA1E37692B00493600 /* SearchViewController.xib */; };
		E35B2C1C1E4BBC6E00860E7E /* CollectionViewController.swift in Sources */ = {isa = PBXBuildFile; fileRef = E35B2C1A1E4BBC6E00860E7E /* CollectionViewController.swift */; };
		E35B2C1D1E4BBC6E00860E7E /* CollectionViewController.xib in Resources */ = {isa = PBXBuildFile; fileRef = E35B2C1B1E4BBC6E00860E7E /* CollectionViewController.xib */; };
		E368FAE31E5070EB0092BCDC /* Toy+CoreDataClass.swift in Sources */ = {isa = PBXBuildFile; fileRef = E368FAE11E5070EB0092BCDC /* Toy+CoreDataClass.swift */; };
		E368FAEF1E5072360092BCDC /* Image+CoreDataClass.swift in Sources */ = {isa = PBXBuildFile; fileRef = E368FAE51E5072360092BCDC /* Image+CoreDataClass.swift */; };
		E368FAF11E5072360092BCDC /* Search+CoreDataClass.swift in Sources */ = {isa = PBXBuildFile; fileRef = E368FAE71E5072360092BCDC /* Search+CoreDataClass.swift */; };
		E368FAF31E5072360092BCDC /* Transaction+CoreDataClass.swift in Sources */ = {isa = PBXBuildFile; fileRef = E368FAE91E5072360092BCDC /* Transaction+CoreDataClass.swift */; };
		E368FAF51E5072360092BCDC /* ToyCategory+CoreDataClass.swift in Sources */ = {isa = PBXBuildFile; fileRef = E368FAEB1E5072360092BCDC /* ToyCategory+CoreDataClass.swift */; };
		E368FAF71E5072360092BCDC /* Category+CoreDataClass.swift in Sources */ = {isa = PBXBuildFile; fileRef = E368FAED1E5072360092BCDC /* Category+CoreDataClass.swift */; };
		E368FAFA1E5074F30092BCDC /* CoreDataStack.swift in Sources */ = {isa = PBXBuildFile; fileRef = E368FAF91E5074F30092BCDC /* CoreDataStack.swift */; };
		E368FAFD1E5075A70092BCDC /* CoreDataCollectionViewController.swift in Sources */ = {isa = PBXBuildFile; fileRef = E368FAFB1E5075A70092BCDC /* CoreDataCollectionViewController.swift */; };
		E368FAFE1E5075A70092BCDC /* CoreDataTableViewController.swift in Sources */ = {isa = PBXBuildFile; fileRef = E368FAFC1E5075A70092BCDC /* CoreDataTableViewController.swift */; };
		E368FB111E507AF90092BCDC /* Toy+CoreDataProperties.swift in Sources */ = {isa = PBXBuildFile; fileRef = E368FB0B1E507AF90092BCDC /* Toy+CoreDataProperties.swift */; };
		E368FB121E507AF90092BCDC /* ToyCategory+CoreDataProperties.swift in Sources */ = {isa = PBXBuildFile; fileRef = E368FB0C1E507AF90092BCDC /* ToyCategory+CoreDataProperties.swift */; };
		E368FB131E507AF90092BCDC /* Image+CoreDataProperties.swift in Sources */ = {isa = PBXBuildFile; fileRef = E368FB0D1E507AF90092BCDC /* Image+CoreDataProperties.swift */; };
		E368FB141E507AF90092BCDC /* Transaction+CoreDataProperties.swift in Sources */ = {isa = PBXBuildFile; fileRef = E368FB0E1E507AF90092BCDC /* Transaction+CoreDataProperties.swift */; };
		E368FB151E507AF90092BCDC /* Search+CoreDataProperties.swift in Sources */ = {isa = PBXBuildFile; fileRef = E368FB0F1E507AF90092BCDC /* Search+CoreDataProperties.swift */; };
		E37096F61E3D4D1A0097F7CA /* FilterTableViewController.swift in Sources */ = {isa = PBXBuildFile; fileRef = E37096F41E3D4D1A0097F7CA /* FilterTableViewController.swift */; };
		E37096F71E3D4D1A0097F7CA /* FilterTableViewController.xib in Resources */ = {isa = PBXBuildFile; fileRef = E37096F51E3D4D1A0097F7CA /* FilterTableViewController.xib */; };
		E372E8CB1E789C9900D44375 /* User.swift in Sources */ = {isa = PBXBuildFile; fileRef = E372E8CA1E789C9900D44375 /* User.swift */; };
		E3752D191E7727D700D44196 /* LoginService.swift in Sources */ = {isa = PBXBuildFile; fileRef = E3752D181E7727D700D44196 /* LoginService.swift */; };
		E3752D1B1E77297E00D44196 /* LoginDownloadable.swift in Sources */ = {isa = PBXBuildFile; fileRef = E3752D1A1E77297E00D44196 /* LoginDownloadable.swift */; };
		E3764BDA1E7C89310014C1CD /* ToyUploadable.swift in Sources */ = {isa = PBXBuildFile; fileRef = E3764BD91E7C89310014C1CD /* ToyUploadable.swift */; };
		E37F2AD91E79C55D00F50243 /* RegisterDownloadable.swift in Sources */ = {isa = PBXBuildFile; fileRef = E37F2AD81E79C55D00F50243 /* RegisterDownloadable.swift */; };
		E37F2ADE1E79CBD000F50243 /* CompleteRegisterViewController.swift in Sources */ = {isa = PBXBuildFile; fileRef = E37F2ADC1E79CBD000F50243 /* CompleteRegisterViewController.swift */; };
		E37F2ADF1E79CBD000F50243 /* CompleteRegisterViewController.xib in Resources */ = {isa = PBXBuildFile; fileRef = E37F2ADD1E79CBD000F50243 /* CompleteRegisterViewController.xib */; };
		E381C23F1E33D84600560457 /* AppDelegate.swift in Sources */ = {isa = PBXBuildFile; fileRef = E381C23E1E33D84600560457 /* AppDelegate.swift */; };
		E381C2411E33D84600560457 /* ViewController.swift in Sources */ = {isa = PBXBuildFile; fileRef = E381C2401E33D84600560457 /* ViewController.swift */; };
		E381C2441E33D84600560457 /* Main.storyboard in Resources */ = {isa = PBXBuildFile; fileRef = E381C2421E33D84600560457 /* Main.storyboard */; };
		E381C2471E33D84600560457 /* toyguay_iOS.xcdatamodeld in Sources */ = {isa = PBXBuildFile; fileRef = E381C2451E33D84600560457 /* toyguay_iOS.xcdatamodeld */; };
		E381C2491E33D84600560457 /* Assets.xcassets in Resources */ = {isa = PBXBuildFile; fileRef = E381C2481E33D84600560457 /* Assets.xcassets */; };
		E381C24C1E33D84600560457 /* LaunchScreen.storyboard in Resources */ = {isa = PBXBuildFile; fileRef = E381C24A1E33D84600560457 /* LaunchScreen.storyboard */; };
		E381C2571E33D84700560457 /* toyguay_iOSTests.swift in Sources */ = {isa = PBXBuildFile; fileRef = E381C2561E33D84700560457 /* toyguay_iOSTests.swift */; };
		E381C2621E33D84700560457 /* toyguay_iOSUITests.swift in Sources */ = {isa = PBXBuildFile; fileRef = E381C2611E33D84700560457 /* toyguay_iOSUITests.swift */; };
		E39C88811E7FB2EC0091A1F0 /* SearchUploadable.swift in Sources */ = {isa = PBXBuildFile; fileRef = E39C88801E7FB2EC0091A1F0 /* SearchUploadable.swift */; };
		E3B37A971E4F6D3600DD2B03 /* ToyCollectionView.swift in Sources */ = {isa = PBXBuildFile; fileRef = E3B37A961E4F6D3600DD2B03 /* ToyCollectionView.swift */; };
		E3B6CCA11E74A4B200271A3B /* Downloadable.swift in Sources */ = {isa = PBXBuildFile; fileRef = E3B6CCA01E74A4B200271A3B /* Downloadable.swift */; };
		E3B6CCA31E74A4EF00271A3B /* ToyDownloadable.swift in Sources */ = {isa = PBXBuildFile; fileRef = E3B6CCA21E74A4EF00271A3B /* ToyDownloadable.swift */; };
		E3B6CCA51E74A8EC00271A3B /* ToyData.swift in Sources */ = {isa = PBXBuildFile; fileRef = E3B6CCA41E74A8EC00271A3B /* ToyData.swift */; };
		E3B6CCA71E74AC1700271A3B /* ToyService.swift in Sources */ = {isa = PBXBuildFile; fileRef = E3B6CCA61E74AC1700271A3B /* ToyService.swift */; };
		E3B6CCA91E74AC4100271A3B /* ServiceStatus.swift in Sources */ = {isa = PBXBuildFile; fileRef = E3B6CCA81E74AC4100271A3B /* ServiceStatus.swift */; };
		E3C41F811E37746800DD5975 /* ToyCollectionViewCell.swift in Sources */ = {isa = PBXBuildFile; fileRef = E3C41F7F1E37746800DD5975 /* ToyCollectionViewCell.swift */; };
		E3C41F821E37746800DD5975 /* ToyCollectionViewCell.xib in Resources */ = {isa = PBXBuildFile; fileRef = E3C41F801E37746800DD5975 /* ToyCollectionViewCell.xib */; };
		E3C41F851E37787900DD5975 /* ProductsViewController.swift in Sources */ = {isa = PBXBuildFile; fileRef = E3C41F831E37787900DD5975 /* ProductsViewController.swift */; };
		E3C41F861E37787900DD5975 /* ProductsViewController.xib in Resources */ = {isa = PBXBuildFile; fileRef = E3C41F841E37787900DD5975 /* ProductsViewController.xib */; };
		E3C41F881E377AA000DD5975 /* GridLayout.swift in Sources */ = {isa = PBXBuildFile; fileRef = E3C41F871E377AA000DD5975 /* GridLayout.swift */; };
		E3E79F0B1E508D2200C380B3 /* Category+CoreDataProperties.swift in Sources */ = {isa = PBXBuildFile; fileRef = E3E79F0A1E508D2200C380B3 /* Category+CoreDataProperties.swift */; };
		E3ECFBCE1E3505E200604344 /* Bolts.framework in Frameworks */ = {isa = PBXBuildFile; fileRef = E3ECFBCA1E3505E200604344 /* Bolts.framework */; };
		E3ECFBCF1E3505E200604344 /* FBSDKCoreKit.framework in Frameworks */ = {isa = PBXBuildFile; fileRef = E3ECFBCB1E3505E200604344 /* FBSDKCoreKit.framework */; };
		E3ECFBD01E3505E200604344 /* FBSDKLoginKit.framework in Frameworks */ = {isa = PBXBuildFile; fileRef = E3ECFBCC1E3505E200604344 /* FBSDKLoginKit.framework */; };
		E3ECFBD11E3505E200604344 /* FBSDKShareKit.framework in Frameworks */ = {isa = PBXBuildFile; fileRef = E3ECFBCD1E3505E200604344 /* FBSDKShareKit.framework */; };
		E3ECFBD41E35097D00604344 /* LogInViewController.swift in Sources */ = {isa = PBXBuildFile; fileRef = E3ECFBD21E35097D00604344 /* LogInViewController.swift */; };
		E3ECFBD51E35097D00604344 /* LogInViewController.xib in Resources */ = {isa = PBXBuildFile; fileRef = E3ECFBD31E35097D00604344 /* LogInViewController.xib */; };
/* End PBXBuildFile section */

/* Begin PBXContainerItemProxy section */
		E381C2531E33D84700560457 /* PBXContainerItemProxy */ = {
			isa = PBXContainerItemProxy;
			containerPortal = E381C2331E33D84600560457 /* Project object */;
			proxyType = 1;
			remoteGlobalIDString = E381C23A1E33D84600560457;
			remoteInfo = toyguay_iOS;
		};
		E381C25E1E33D84700560457 /* PBXContainerItemProxy */ = {
			isa = PBXContainerItemProxy;
			containerPortal = E381C2331E33D84600560457 /* Project object */;
			proxyType = 1;
			remoteGlobalIDString = E381C23A1E33D84600560457;
			remoteInfo = toyguay_iOS;
		};
/* End PBXContainerItemProxy section */

/* Begin PBXFileReference section */
		30BE56114BF428343648DE59 /* Pods-toyguay_iOSUITests.release.xcconfig */ = {isa = PBXFileReference; includeInIndex = 1; lastKnownFileType = text.xcconfig; name = "Pods-toyguay_iOSUITests.release.xcconfig"; path = "Pods/Target Support Files/Pods-toyguay_iOSUITests/Pods-toyguay_iOSUITests.release.xcconfig"; sourceTree = "<group>"; };
		4DB30229A17984CD367B67F1 /* Pods-toyguay_iOS.debug.xcconfig */ = {isa = PBXFileReference; includeInIndex = 1; lastKnownFileType = text.xcconfig; name = "Pods-toyguay_iOS.debug.xcconfig"; path = "Pods/Target Support Files/Pods-toyguay_iOS/Pods-toyguay_iOS.debug.xcconfig"; sourceTree = "<group>"; };
		7A9E6547060655A5D2654C24 /* Pods-toyguay_iOSTests.release.xcconfig */ = {isa = PBXFileReference; includeInIndex = 1; lastKnownFileType = text.xcconfig; name = "Pods-toyguay_iOSTests.release.xcconfig"; path = "Pods/Target Support Files/Pods-toyguay_iOSTests/Pods-toyguay_iOSTests.release.xcconfig"; sourceTree = "<group>"; };
		7AC272C28E065C43E9D72014 /* Pods-toyguay_iOSTests.debug.xcconfig */ = {isa = PBXFileReference; includeInIndex = 1; lastKnownFileType = text.xcconfig; name = "Pods-toyguay_iOSTests.debug.xcconfig"; path = "Pods/Target Support Files/Pods-toyguay_iOSTests/Pods-toyguay_iOSTests.debug.xcconfig"; sourceTree = "<group>"; };
		CE6B2B3996FEAAF84815FB3A /* Pods-toyguay_iOSUITests.debug.xcconfig */ = {isa = PBXFileReference; includeInIndex = 1; lastKnownFileType = text.xcconfig; name = "Pods-toyguay_iOSUITests.debug.xcconfig"; path = "Pods/Target Support Files/Pods-toyguay_iOSUITests/Pods-toyguay_iOSUITests.debug.xcconfig"; sourceTree = "<group>"; };
		D31CAAB3E93F39D002893E91 /* Pods-toyguay_iOS.release.xcconfig */ = {isa = PBXFileReference; includeInIndex = 1; lastKnownFileType = text.xcconfig; name = "Pods-toyguay_iOS.release.xcconfig"; path = "Pods/Target Support Files/Pods-toyguay_iOS/Pods-toyguay_iOS.release.xcconfig"; sourceTree = "<group>"; };
		E3243FA21E36176F00AC2921 /* RegisterViewController.swift */ = {isa = PBXFileReference; fileEncoding = 4; lastKnownFileType = sourcecode.swift; path = RegisterViewController.swift; sourceTree = "<group>"; };
		E3243FA31E36176F00AC2921 /* RegisterViewController.xib */ = {isa = PBXFileReference; fileEncoding = 4; lastKnownFileType = file.xib; path = RegisterViewController.xib; sourceTree = "<group>"; };
		E33973A01E7D112400EEF5E3 /* ProductDetailViewController.swift */ = {isa = PBXFileReference; fileEncoding = 4; lastKnownFileType = sourcecode.swift; path = ProductDetailViewController.swift; sourceTree = "<group>"; };
		E33973A11E7D112400EEF5E3 /* ProductDetailViewController.xib */ = {isa = PBXFileReference; fileEncoding = 4; lastKnownFileType = file.xib; path = ProductDetailViewController.xib; sourceTree = "<group>"; };
		E34439A91E3767AF00493600 /* MapaViewController.swift */ = {isa = PBXFileReference; fileEncoding = 4; lastKnownFileType = sourcecode.swift; path = MapaViewController.swift; sourceTree = "<group>"; };
		E34439AA1E3767AF00493600 /* MapaViewController.xib */ = {isa = PBXFileReference; fileEncoding = 4; lastKnownFileType = file.xib; path = MapaViewController.xib; sourceTree = "<group>"; };
		E34439AD1E3767BE00493600 /* NuevoViewController.swift */ = {isa = PBXFileReference; fileEncoding = 4; lastKnownFileType = sourcecode.swift; path = NuevoViewController.swift; sourceTree = "<group>"; };
		E34439AE1E3767BE00493600 /* NuevoViewController.xib */ = {isa = PBXFileReference; fileEncoding = 4; lastKnownFileType = file.xib; path = NuevoViewController.xib; sourceTree = "<group>"; };
		E34439B11E3767CE00493600 /* NotifsViewController.swift */ = {isa = PBXFileReference; fileEncoding = 4; lastKnownFileType = sourcecode.swift; path = NotifsViewController.swift; sourceTree = "<group>"; };
		E34439B21E3767CE00493600 /* NotifsViewController.xib */ = {isa = PBXFileReference; fileEncoding = 4; lastKnownFileType = file.xib; path = NotifsViewController.xib; sourceTree = "<group>"; };
		E34439B51E3767DB00493600 /* PerfilViewController.swift */ = {isa = PBXFileReference; fileEncoding = 4; lastKnownFileType = sourcecode.swift; path = PerfilViewController.swift; sourceTree = "<group>"; };
		E34439B61E3767DB00493600 /* PerfilViewController.xib */ = {isa = PBXFileReference; fileEncoding = 4; lastKnownFileType = file.xib; path = PerfilViewController.xib; sourceTree = "<group>"; };
		E34439B91E37692B00493600 /* SearchViewController.swift */ = {isa = PBXFileReference; fileEncoding = 4; lastKnownFileType = sourcecode.swift; path = SearchViewController.swift; sourceTree = "<group>"; };
		E34439BA1E37692B00493600 /* SearchViewController.xib */ = {isa = PBXFileReference; fileEncoding = 4; lastKnownFileType = file.xib; path = SearchViewController.xib; sourceTree = "<group>"; };
		E35B2C1A1E4BBC6E00860E7E /* CollectionViewController.swift */ = {isa = PBXFileReference; fileEncoding = 4; lastKnownFileType = sourcecode.swift; path = CollectionViewController.swift; sourceTree = "<group>"; };
		E35B2C1B1E4BBC6E00860E7E /* CollectionViewController.xib */ = {isa = PBXFileReference; fileEncoding = 4; lastKnownFileType = file.xib; path = CollectionViewController.xib; sourceTree = "<group>"; };
		E368FAE11E5070EB0092BCDC /* Toy+CoreDataClass.swift */ = {isa = PBXFileReference; fileEncoding = 4; lastKnownFileType = sourcecode.swift; name = "Toy+CoreDataClass.swift"; path = "../Toy+CoreDataClass.swift"; sourceTree = "<group>"; };
		E368FAE51E5072360092BCDC /* Image+CoreDataClass.swift */ = {isa = PBXFileReference; fileEncoding = 4; lastKnownFileType = sourcecode.swift; name = "Image+CoreDataClass.swift"; path = "../Image+CoreDataClass.swift"; sourceTree = "<group>"; };
		E368FAE71E5072360092BCDC /* Search+CoreDataClass.swift */ = {isa = PBXFileReference; fileEncoding = 4; lastKnownFileType = sourcecode.swift; name = "Search+CoreDataClass.swift"; path = "../Search+CoreDataClass.swift"; sourceTree = "<group>"; };
		E368FAE91E5072360092BCDC /* Transaction+CoreDataClass.swift */ = {isa = PBXFileReference; fileEncoding = 4; lastKnownFileType = sourcecode.swift; name = "Transaction+CoreDataClass.swift"; path = "../Transaction+CoreDataClass.swift"; sourceTree = "<group>"; };
		E368FAEB1E5072360092BCDC /* ToyCategory+CoreDataClass.swift */ = {isa = PBXFileReference; fileEncoding = 4; lastKnownFileType = sourcecode.swift; name = "ToyCategory+CoreDataClass.swift"; path = "../ToyCategory+CoreDataClass.swift"; sourceTree = "<group>"; };
		E368FAED1E5072360092BCDC /* Category+CoreDataClass.swift */ = {isa = PBXFileReference; fileEncoding = 4; lastKnownFileType = sourcecode.swift; name = "Category+CoreDataClass.swift"; path = "../Category+CoreDataClass.swift"; sourceTree = "<group>"; };
		E368FAF91E5074F30092BCDC /* CoreDataStack.swift */ = {isa = PBXFileReference; fileEncoding = 4; lastKnownFileType = sourcecode.swift; path = CoreDataStack.swift; sourceTree = "<group>"; };
		E368FAFB1E5075A70092BCDC /* CoreDataCollectionViewController.swift */ = {isa = PBXFileReference; fileEncoding = 4; lastKnownFileType = sourcecode.swift; path = CoreDataCollectionViewController.swift; sourceTree = "<group>"; };
		E368FAFC1E5075A70092BCDC /* CoreDataTableViewController.swift */ = {isa = PBXFileReference; fileEncoding = 4; lastKnownFileType = sourcecode.swift; path = CoreDataTableViewController.swift; sourceTree = "<group>"; };
		E368FB0B1E507AF90092BCDC /* Toy+CoreDataProperties.swift */ = {isa = PBXFileReference; fileEncoding = 4; lastKnownFileType = sourcecode.swift; name = "Toy+CoreDataProperties.swift"; path = "../Toy+CoreDataProperties.swift"; sourceTree = "<group>"; };
		E368FB0C1E507AF90092BCDC /* ToyCategory+CoreDataProperties.swift */ = {isa = PBXFileReference; fileEncoding = 4; lastKnownFileType = sourcecode.swift; name = "ToyCategory+CoreDataProperties.swift"; path = "../ToyCategory+CoreDataProperties.swift"; sourceTree = "<group>"; };
		E368FB0D1E507AF90092BCDC /* Image+CoreDataProperties.swift */ = {isa = PBXFileReference; fileEncoding = 4; lastKnownFileType = sourcecode.swift; name = "Image+CoreDataProperties.swift"; path = "../Image+CoreDataProperties.swift"; sourceTree = "<group>"; };
		E368FB0E1E507AF90092BCDC /* Transaction+CoreDataProperties.swift */ = {isa = PBXFileReference; fileEncoding = 4; lastKnownFileType = sourcecode.swift; name = "Transaction+CoreDataProperties.swift"; path = "../Transaction+CoreDataProperties.swift"; sourceTree = "<group>"; };
		E368FB0F1E507AF90092BCDC /* Search+CoreDataProperties.swift */ = {isa = PBXFileReference; fileEncoding = 4; lastKnownFileType = sourcecode.swift; name = "Search+CoreDataProperties.swift"; path = "../Search+CoreDataProperties.swift"; sourceTree = "<group>"; };
		E37096F41E3D4D1A0097F7CA /* FilterTableViewController.swift */ = {isa = PBXFileReference; fileEncoding = 4; lastKnownFileType = sourcecode.swift; path = FilterTableViewController.swift; sourceTree = "<group>"; };
		E37096F51E3D4D1A0097F7CA /* FilterTableViewController.xib */ = {isa = PBXFileReference; fileEncoding = 4; lastKnownFileType = file.xib; path = FilterTableViewController.xib; sourceTree = "<group>"; };
		E372E8CA1E789C9900D44375 /* User.swift */ = {isa = PBXFileReference; fileEncoding = 4; lastKnownFileType = sourcecode.swift; path = User.swift; sourceTree = "<group>"; };
		E3752D181E7727D700D44196 /* LoginService.swift */ = {isa = PBXFileReference; fileEncoding = 4; lastKnownFileType = sourcecode.swift; path = LoginService.swift; sourceTree = "<group>"; };
		E3752D1A1E77297E00D44196 /* LoginDownloadable.swift */ = {isa = PBXFileReference; fileEncoding = 4; lastKnownFileType = sourcecode.swift; path = LoginDownloadable.swift; sourceTree = "<group>"; };
		E3764BD91E7C89310014C1CD /* ToyUploadable.swift */ = {isa = PBXFileReference; fileEncoding = 4; lastKnownFileType = sourcecode.swift; path = ToyUploadable.swift; sourceTree = "<group>"; };
		E37F2AD81E79C55D00F50243 /* RegisterDownloadable.swift */ = {isa = PBXFileReference; fileEncoding = 4; lastKnownFileType = sourcecode.swift; path = RegisterDownloadable.swift; sourceTree = "<group>"; };
		E37F2ADC1E79CBD000F50243 /* CompleteRegisterViewController.swift */ = {isa = PBXFileReference; fileEncoding = 4; lastKnownFileType = sourcecode.swift; path = CompleteRegisterViewController.swift; sourceTree = "<group>"; };
		E37F2ADD1E79CBD000F50243 /* CompleteRegisterViewController.xib */ = {isa = PBXFileReference; fileEncoding = 4; lastKnownFileType = file.xib; path = CompleteRegisterViewController.xib; sourceTree = "<group>"; };
		E381C23B1E33D84600560457 /* toyguay_iOS.app */ = {isa = PBXFileReference; explicitFileType = wrapper.application; includeInIndex = 0; path = toyguay_iOS.app; sourceTree = BUILT_PRODUCTS_DIR; };
		E381C23E1E33D84600560457 /* AppDelegate.swift */ = {isa = PBXFileReference; lastKnownFileType = sourcecode.swift; path = AppDelegate.swift; sourceTree = "<group>"; };
		E381C2401E33D84600560457 /* ViewController.swift */ = {isa = PBXFileReference; lastKnownFileType = sourcecode.swift; path = ViewController.swift; sourceTree = "<group>"; };
		E381C2431E33D84600560457 /* Base */ = {isa = PBXFileReference; lastKnownFileType = file.storyboard; name = Base; path = Base.lproj/Main.storyboard; sourceTree = "<group>"; };
		E381C2461E33D84600560457 /* toyguay_iOS.xcdatamodel */ = {isa = PBXFileReference; lastKnownFileType = wrapper.xcdatamodel; path = toyguay_iOS.xcdatamodel; sourceTree = "<group>"; };
		E381C2481E33D84600560457 /* Assets.xcassets */ = {isa = PBXFileReference; lastKnownFileType = folder.assetcatalog; path = Assets.xcassets; sourceTree = "<group>"; };
		E381C24B1E33D84600560457 /* Base */ = {isa = PBXFileReference; lastKnownFileType = file.storyboard; name = Base; path = Base.lproj/LaunchScreen.storyboard; sourceTree = "<group>"; };
		E381C24D1E33D84600560457 /* Info.plist */ = {isa = PBXFileReference; lastKnownFileType = text.plist.xml; path = Info.plist; sourceTree = "<group>"; };
		E381C2521E33D84700560457 /* toyguay_iOSTests.xctest */ = {isa = PBXFileReference; explicitFileType = wrapper.cfbundle; includeInIndex = 0; path = toyguay_iOSTests.xctest; sourceTree = BUILT_PRODUCTS_DIR; };
		E381C2561E33D84700560457 /* toyguay_iOSTests.swift */ = {isa = PBXFileReference; lastKnownFileType = sourcecode.swift; path = toyguay_iOSTests.swift; sourceTree = "<group>"; };
		E381C2581E33D84700560457 /* Info.plist */ = {isa = PBXFileReference; lastKnownFileType = text.plist.xml; path = Info.plist; sourceTree = "<group>"; };
		E381C25D1E33D84700560457 /* toyguay_iOSUITests.xctest */ = {isa = PBXFileReference; explicitFileType = wrapper.cfbundle; includeInIndex = 0; path = toyguay_iOSUITests.xctest; sourceTree = BUILT_PRODUCTS_DIR; };
		E381C2611E33D84700560457 /* toyguay_iOSUITests.swift */ = {isa = PBXFileReference; lastKnownFileType = sourcecode.swift; path = toyguay_iOSUITests.swift; sourceTree = "<group>"; };
		E381C2631E33D84700560457 /* Info.plist */ = {isa = PBXFileReference; lastKnownFileType = text.plist.xml; path = Info.plist; sourceTree = "<group>"; };
		E39C88801E7FB2EC0091A1F0 /* SearchUploadable.swift */ = {isa = PBXFileReference; fileEncoding = 4; lastKnownFileType = sourcecode.swift; path = SearchUploadable.swift; sourceTree = "<group>"; };
		E3B37A961E4F6D3600DD2B03 /* ToyCollectionView.swift */ = {isa = PBXFileReference; fileEncoding = 4; lastKnownFileType = sourcecode.swift; path = ToyCollectionView.swift; sourceTree = "<group>"; };
		E3B6CCA01E74A4B200271A3B /* Downloadable.swift */ = {isa = PBXFileReference; fileEncoding = 4; lastKnownFileType = sourcecode.swift; path = Downloadable.swift; sourceTree = "<group>"; };
		E3B6CCA21E74A4EF00271A3B /* ToyDownloadable.swift */ = {isa = PBXFileReference; fileEncoding = 4; lastKnownFileType = sourcecode.swift; path = ToyDownloadable.swift; sourceTree = "<group>"; };
		E3B6CCA41E74A8EC00271A3B /* ToyData.swift */ = {isa = PBXFileReference; fileEncoding = 4; lastKnownFileType = sourcecode.swift; path = ToyData.swift; sourceTree = "<group>"; };
		E3B6CCA61E74AC1700271A3B /* ToyService.swift */ = {isa = PBXFileReference; fileEncoding = 4; lastKnownFileType = sourcecode.swift; path = ToyService.swift; sourceTree = "<group>"; };
		E3B6CCA81E74AC4100271A3B /* ServiceStatus.swift */ = {isa = PBXFileReference; fileEncoding = 4; lastKnownFileType = sourcecode.swift; path = ServiceStatus.swift; sourceTree = "<group>"; };
		E3C41F7F1E37746800DD5975 /* ToyCollectionViewCell.swift */ = {isa = PBXFileReference; fileEncoding = 4; lastKnownFileType = sourcecode.swift; path = ToyCollectionViewCell.swift; sourceTree = "<group>"; };
		E3C41F801E37746800DD5975 /* ToyCollectionViewCell.xib */ = {isa = PBXFileReference; fileEncoding = 4; lastKnownFileType = file.xib; path = ToyCollectionViewCell.xib; sourceTree = "<group>"; };
		E3C41F831E37787900DD5975 /* ProductsViewController.swift */ = {isa = PBXFileReference; fileEncoding = 4; lastKnownFileType = sourcecode.swift; path = ProductsViewController.swift; sourceTree = "<group>"; };
		E3C41F841E37787900DD5975 /* ProductsViewController.xib */ = {isa = PBXFileReference; fileEncoding = 4; lastKnownFileType = file.xib; path = ProductsViewController.xib; sourceTree = "<group>"; };
		E3C41F871E377AA000DD5975 /* GridLayout.swift */ = {isa = PBXFileReference; fileEncoding = 4; lastKnownFileType = sourcecode.swift; path = GridLayout.swift; sourceTree = "<group>"; };
		E3E79F0A1E508D2200C380B3 /* Category+CoreDataProperties.swift */ = {isa = PBXFileReference; fileEncoding = 4; lastKnownFileType = sourcecode.swift; name = "Category+CoreDataProperties.swift"; path = "../Category+CoreDataProperties.swift"; sourceTree = "<group>"; };
		E3ECFBCA1E3505E200604344 /* Bolts.framework */ = {isa = PBXFileReference; lastKnownFileType = wrapper.framework; path = Bolts.framework; sourceTree = "<group>"; };
		E3ECFBCB1E3505E200604344 /* FBSDKCoreKit.framework */ = {isa = PBXFileReference; lastKnownFileType = wrapper.framework; path = FBSDKCoreKit.framework; sourceTree = "<group>"; };
		E3ECFBCC1E3505E200604344 /* FBSDKLoginKit.framework */ = {isa = PBXFileReference; lastKnownFileType = wrapper.framework; path = FBSDKLoginKit.framework; sourceTree = "<group>"; };
		E3ECFBCD1E3505E200604344 /* FBSDKShareKit.framework */ = {isa = PBXFileReference; lastKnownFileType = wrapper.framework; path = FBSDKShareKit.framework; sourceTree = "<group>"; };
		E3ECFBD21E35097D00604344 /* LogInViewController.swift */ = {isa = PBXFileReference; fileEncoding = 4; lastKnownFileType = sourcecode.swift; path = LogInViewController.swift; sourceTree = "<group>"; };
		E3ECFBD31E35097D00604344 /* LogInViewController.xib */ = {isa = PBXFileReference; fileEncoding = 4; lastKnownFileType = file.xib; path = LogInViewController.xib; sourceTree = "<group>"; };
		E3ECFBD61E350E4500604344 /* toyguay_iOS.entitlements */ = {isa = PBXFileReference; lastKnownFileType = text.plist.entitlements; path = toyguay_iOS.entitlements; sourceTree = "<group>"; };
/* End PBXFileReference section */

/* Begin PBXFrameworksBuildPhase section */
		E381C2381E33D84600560457 /* Frameworks */ = {
			isa = PBXFrameworksBuildPhase;
			buildActionMask = 2147483647;
			files = (
				E3ECFBCF1E3505E200604344 /* FBSDKCoreKit.framework in Frameworks */,
				E3ECFBD11E3505E200604344 /* FBSDKShareKit.framework in Frameworks */,
				E3ECFBD01E3505E200604344 /* FBSDKLoginKit.framework in Frameworks */,
				E3ECFBCE1E3505E200604344 /* Bolts.framework in Frameworks */,
			);
			runOnlyForDeploymentPostprocessing = 0;
		};
		E381C24F1E33D84700560457 /* Frameworks */ = {
			isa = PBXFrameworksBuildPhase;
			buildActionMask = 2147483647;
			files = (
			);
			runOnlyForDeploymentPostprocessing = 0;
		};
		E381C25A1E33D84700560457 /* Frameworks */ = {
			isa = PBXFrameworksBuildPhase;
			buildActionMask = 2147483647;
			files = (
			);
			runOnlyForDeploymentPostprocessing = 0;
		};
/* End PBXFrameworksBuildPhase section */

/* Begin PBXGroup section */
		0E9788E9628B30C2F5F1F896 /* Pods */ = {
			isa = PBXGroup;
			children = (
				4DB30229A17984CD367B67F1 /* Pods-toyguay_iOS.debug.xcconfig */,
				D31CAAB3E93F39D002893E91 /* Pods-toyguay_iOS.release.xcconfig */,
				7AC272C28E065C43E9D72014 /* Pods-toyguay_iOSTests.debug.xcconfig */,
				7A9E6547060655A5D2654C24 /* Pods-toyguay_iOSTests.release.xcconfig */,
				CE6B2B3996FEAAF84815FB3A /* Pods-toyguay_iOSUITests.debug.xcconfig */,
				30BE56114BF428343648DE59 /* Pods-toyguay_iOSUITests.release.xcconfig */,
			);
			name = Pods;
			sourceTree = "<group>";
		};
		C41BF27DD5092C622BFFF12F /* Frameworks */ = {
			isa = PBXGroup;
			children = (
				E3ECFBCA1E3505E200604344 /* Bolts.framework */,
				E3ECFBCB1E3505E200604344 /* FBSDKCoreKit.framework */,
				E3ECFBCC1E3505E200604344 /* FBSDKLoginKit.framework */,
				E3ECFBCD1E3505E200604344 /* FBSDKShareKit.framework */,
			);
			name = Frameworks;
			sourceTree = "<group>";
		};
		E33973A41E7D117100EEF5E3 /* tabBar */ = {
			isa = PBXGroup;
			children = (
				E34439B91E37692B00493600 /* SearchViewController.swift */,
				E34439BA1E37692B00493600 /* SearchViewController.xib */,
				E3C41F831E37787900DD5975 /* ProductsViewController.swift */,
				E3C41F841E37787900DD5975 /* ProductsViewController.xib */,
				E34439A91E3767AF00493600 /* MapaViewController.swift */,
				E34439AA1E3767AF00493600 /* MapaViewController.xib */,
				E34439AD1E3767BE00493600 /* NuevoViewController.swift */,
				E34439AE1E3767BE00493600 /* NuevoViewController.xib */,
				E34439B11E3767CE00493600 /* NotifsViewController.swift */,
				E34439B21E3767CE00493600 /* NotifsViewController.xib */,
				E34439B51E3767DB00493600 /* PerfilViewController.swift */,
				E34439B61E3767DB00493600 /* PerfilViewController.xib */,
			);
			name = tabBar;
			sourceTree = "<group>";
		};
		E33973A51E7D11A300EEF5E3 /* UserAuth */ = {
			isa = PBXGroup;
			children = (
				E3ECFBD21E35097D00604344 /* LogInViewController.swift */,
				E3ECFBD31E35097D00604344 /* LogInViewController.xib */,
				E3243FA21E36176F00AC2921 /* RegisterViewController.swift */,
				E3243FA31E36176F00AC2921 /* RegisterViewController.xib */,
				E37F2ADC1E79CBD000F50243 /* CompleteRegisterViewController.swift */,
				E37F2ADD1E79CBD000F50243 /* CompleteRegisterViewController.xib */,
			);
			name = UserAuth;
			sourceTree = "<group>";
		};
		E33973A61E7D11FA00EEF5E3 /* app */ = {
			isa = PBXGroup;
			children = (
				E3ECFBD61E350E4500604344 /* toyguay_iOS.entitlements */,
				E381C23E1E33D84600560457 /* AppDelegate.swift */,
				E381C2401E33D84600560457 /* ViewController.swift */,
				E381C2421E33D84600560457 /* Main.storyboard */,
				E381C2481E33D84600560457 /* Assets.xcassets */,
				E381C24A1E33D84600560457 /* LaunchScreen.storyboard */,
				E381C24D1E33D84600560457 /* Info.plist */,
			);
			name = app;
			sourceTree = "<group>";
		};
		E33CF8711E3A0562001D56EA /* model */ = {
			isa = PBXGroup;
			children = (
				E368FADB1E504B190092BCDC /* CoreData */,
				E3B6CCA41E74A8EC00271A3B /* ToyData.swift */,
				E372E8CA1E789C9900D44375 /* User.swift */,
				E381C2451E33D84600560457 /* toyguay_iOS.xcdatamodeld */,
			);
			name = model;
			sourceTree = "<group>";
		};
		E34439A41E37675700493600 /* controllers */ = {
			isa = PBXGroup;
			children = (
				E33973A41E7D117100EEF5E3 /* tabBar */,
				E3C41F871E377AA000DD5975 /* GridLayout.swift */,
				E37096F41E3D4D1A0097F7CA /* FilterTableViewController.swift */,
				E37096F51E3D4D1A0097F7CA /* FilterTableViewController.xib */,
				E35B2C1A1E4BBC6E00860E7E /* CollectionViewController.swift */,
				E35B2C1B1E4BBC6E00860E7E /* CollectionViewController.xib */,
				E33973A51E7D11A300EEF5E3 /* UserAuth */,
				E33973A01E7D112400EEF5E3 /* ProductDetailViewController.swift */,
				E33973A11E7D112400EEF5E3 /* ProductDetailViewController.xib */,
			);
			name = controllers;
			sourceTree = "<group>";
		};
		E368FADB1E504B190092BCDC /* CoreData */ = {
			isa = PBXGroup;
			children = (
				E368FAF91E5074F30092BCDC /* CoreDataStack.swift */,
				E368FAFB1E5075A70092BCDC /* CoreDataCollectionViewController.swift */,
				E368FAFC1E5075A70092BCDC /* CoreDataTableViewController.swift */,
				E368FADD1E504B380092BCDC /* Properties */,
				E368FADC1E504B260092BCDC /* Classes */,
			);
			name = CoreData;
			sourceTree = "<group>";
		};
		E368FADC1E504B260092BCDC /* Classes */ = {
			isa = PBXGroup;
			children = (
				E368FAE11E5070EB0092BCDC /* Toy+CoreDataClass.swift */,
				E368FAE51E5072360092BCDC /* Image+CoreDataClass.swift */,
				E368FAE71E5072360092BCDC /* Search+CoreDataClass.swift */,
				E368FAE91E5072360092BCDC /* Transaction+CoreDataClass.swift */,
				E368FAEB1E5072360092BCDC /* ToyCategory+CoreDataClass.swift */,
				E368FAED1E5072360092BCDC /* Category+CoreDataClass.swift */,
			);
			name = Classes;
			sourceTree = "<group>";
		};
		E368FADD1E504B380092BCDC /* Properties */ = {
			isa = PBXGroup;
			children = (
				E368FB0B1E507AF90092BCDC /* Toy+CoreDataProperties.swift */,
				E368FB0C1E507AF90092BCDC /* ToyCategory+CoreDataProperties.swift */,
				E368FB0D1E507AF90092BCDC /* Image+CoreDataProperties.swift */,
				E368FB0E1E507AF90092BCDC /* Transaction+CoreDataProperties.swift */,
				E368FB0F1E507AF90092BCDC /* Search+CoreDataProperties.swift */,
				E3E79F0A1E508D2200C380B3 /* Category+CoreDataProperties.swift */,
			);
			name = Properties;
			sourceTree = "<group>";
		};
		E370B75A1E708F5D0067B45D /* api */ = {
			isa = PBXGroup;
			children = (
				E3B6CCA01E74A4B200271A3B /* Downloadable.swift */,
				E3B6CCA21E74A4EF00271A3B /* ToyDownloadable.swift */,
				E3B6CCA61E74AC1700271A3B /* ToyService.swift */,
				E3B6CCA81E74AC4100271A3B /* ServiceStatus.swift */,
				E3752D181E7727D700D44196 /* LoginService.swift */,
				E3752D1A1E77297E00D44196 /* LoginDownloadable.swift */,
				E37F2AD81E79C55D00F50243 /* RegisterDownloadable.swift */,
				E3764BD91E7C89310014C1CD /* ToyUploadable.swift */,
				E39C88801E7FB2EC0091A1F0 /* SearchUploadable.swift */,
			);
			name = api;
			sourceTree = "<group>";
		};
		E381C2321E33D84600560457 = {
			isa = PBXGroup;
			children = (
				E381C23D1E33D84600560457 /* toyguay_iOS */,
				E381C2551E33D84700560457 /* toyguay_iOSTests */,
				E381C2601E33D84700560457 /* toyguay_iOSUITests */,
				E381C23C1E33D84600560457 /* Products */,
				0E9788E9628B30C2F5F1F896 /* Pods */,
				C41BF27DD5092C622BFFF12F /* Frameworks */,
			);
			sourceTree = "<group>";
		};
		E381C23C1E33D84600560457 /* Products */ = {
			isa = PBXGroup;
			children = (
				E381C23B1E33D84600560457 /* toyguay_iOS.app */,
				E381C2521E33D84700560457 /* toyguay_iOSTests.xctest */,
				E381C25D1E33D84700560457 /* toyguay_iOSUITests.xctest */,
			);
			name = Products;
			sourceTree = "<group>";
		};
		E381C23D1E33D84600560457 /* toyguay_iOS */ = {
			isa = PBXGroup;
			children = (
				E370B75A1E708F5D0067B45D /* api */,
				E33CF8711E3A0562001D56EA /* model */,
				E3C41F7E1E37745300DD5975 /* views */,
				E33973A61E7D11FA00EEF5E3 /* app */,
				E34439A41E37675700493600 /* controllers */,
			);
			path = toyguay_iOS;
			sourceTree = "<group>";
		};
		E381C2551E33D84700560457 /* toyguay_iOSTests */ = {
			isa = PBXGroup;
			children = (
				E381C2561E33D84700560457 /* toyguay_iOSTests.swift */,
				E381C2581E33D84700560457 /* Info.plist */,
			);
			path = toyguay_iOSTests;
			sourceTree = "<group>";
		};
		E381C2601E33D84700560457 /* toyguay_iOSUITests */ = {
			isa = PBXGroup;
			children = (
				E381C2611E33D84700560457 /* toyguay_iOSUITests.swift */,
				E381C2631E33D84700560457 /* Info.plist */,
			);
			path = toyguay_iOSUITests;
			sourceTree = "<group>";
		};
		E3C41F7E1E37745300DD5975 /* views */ = {
			isa = PBXGroup;
			children = (
				E3C41F7F1E37746800DD5975 /* ToyCollectionViewCell.swift */,
				E3C41F801E37746800DD5975 /* ToyCollectionViewCell.xib */,
				E3B37A961E4F6D3600DD2B03 /* ToyCollectionView.swift */,
			);
			name = views;
			sourceTree = "<group>";
		};
/* End PBXGroup section */

/* Begin PBXNativeTarget section */
		E381C23A1E33D84600560457 /* toyguay_iOS */ = {
			isa = PBXNativeTarget;
			buildConfigurationList = E381C2661E33D84700560457 /* Build configuration list for PBXNativeTarget "toyguay_iOS" */;
			buildPhases = (
				5AFFA134B2213CF238A18DA9 /* [CP] Check Pods Manifest.lock */,
				E381C2371E33D84600560457 /* Sources */,
				E381C2381E33D84600560457 /* Frameworks */,
				E381C2391E33D84600560457 /* Resources */,
				4B4E4DBAE1D00688CF60A306 /* [CP] Embed Pods Frameworks */,
				BDF753206127F7058412EFD9 /* [CP] Copy Pods Resources */,
			);
			buildRules = (
			);
			dependencies = (
			);
			name = toyguay_iOS;
			productName = toyguay_iOS;
			productReference = E381C23B1E33D84600560457 /* toyguay_iOS.app */;
			productType = "com.apple.product-type.application";
		};
		E381C2511E33D84700560457 /* toyguay_iOSTests */ = {
			isa = PBXNativeTarget;
			buildConfigurationList = E381C2691E33D84700560457 /* Build configuration list for PBXNativeTarget "toyguay_iOSTests" */;
			buildPhases = (
				2B8A420694E7FD2925F641DC /* [CP] Check Pods Manifest.lock */,
				E381C24E1E33D84700560457 /* Sources */,
				E381C24F1E33D84700560457 /* Frameworks */,
				E381C2501E33D84700560457 /* Resources */,
				489322C34CCC07BCE47EB2B5 /* [CP] Embed Pods Frameworks */,
				D7DEA0D407DBD9508F41D841 /* [CP] Copy Pods Resources */,
			);
			buildRules = (
			);
			dependencies = (
				E381C2541E33D84700560457 /* PBXTargetDependency */,
			);
			name = toyguay_iOSTests;
			productName = toyguay_iOSTests;
			productReference = E381C2521E33D84700560457 /* toyguay_iOSTests.xctest */;
			productType = "com.apple.product-type.bundle.unit-test";
		};
		E381C25C1E33D84700560457 /* toyguay_iOSUITests */ = {
			isa = PBXNativeTarget;
			buildConfigurationList = E381C26C1E33D84700560457 /* Build configuration list for PBXNativeTarget "toyguay_iOSUITests" */;
			buildPhases = (
				7A92527FA3D8E680E355E982 /* [CP] Check Pods Manifest.lock */,
				E381C2591E33D84700560457 /* Sources */,
				E381C25A1E33D84700560457 /* Frameworks */,
				E381C25B1E33D84700560457 /* Resources */,
				73691217828C17A00143B23D /* [CP] Embed Pods Frameworks */,
				73566DA544E0B25C6E69961F /* [CP] Copy Pods Resources */,
			);
			buildRules = (
			);
			dependencies = (
				E381C25F1E33D84700560457 /* PBXTargetDependency */,
			);
			name = toyguay_iOSUITests;
			productName = toyguay_iOSUITests;
			productReference = E381C25D1E33D84700560457 /* toyguay_iOSUITests.xctest */;
			productType = "com.apple.product-type.bundle.ui-testing";
		};
/* End PBXNativeTarget section */

/* Begin PBXProject section */
		E381C2331E33D84600560457 /* Project object */ = {
			isa = PBXProject;
			attributes = {
				LastSwiftUpdateCheck = 0820;
				LastUpgradeCheck = 0820;
				ORGANIZATIONNAME = TheBardals;
				TargetAttributes = {
					E381C23A1E33D84600560457 = {
						CreatedOnToolsVersion = 8.2.1;
						DevelopmentTeam = 6ST72RTMK9;
						ProvisioningStyle = Automatic;
						SystemCapabilities = {
							com.apple.Keychain = {
								enabled = 1;
							};
						};
					};
					E381C2511E33D84700560457 = {
						CreatedOnToolsVersion = 8.2.1;
						DevelopmentTeam = 6ST72RTMK9;
						ProvisioningStyle = Automatic;
						TestTargetID = E381C23A1E33D84600560457;
					};
					E381C25C1E33D84700560457 = {
						CreatedOnToolsVersion = 8.2.1;
						DevelopmentTeam = 6ST72RTMK9;
						ProvisioningStyle = Automatic;
						TestTargetID = E381C23A1E33D84600560457;
					};
				};
			};
			buildConfigurationList = E381C2361E33D84600560457 /* Build configuration list for PBXProject "toyguay_iOS" */;
			compatibilityVersion = "Xcode 3.2";
			developmentRegion = English;
			hasScannedForEncodings = 0;
			knownRegions = (
				en,
				Base,
			);
			mainGroup = E381C2321E33D84600560457;
			productRefGroup = E381C23C1E33D84600560457 /* Products */;
			projectDirPath = "";
			projectRoot = "";
			targets = (
				E381C23A1E33D84600560457 /* toyguay_iOS */,
				E381C2511E33D84700560457 /* toyguay_iOSTests */,
				E381C25C1E33D84700560457 /* toyguay_iOSUITests */,
			);
		};
/* End PBXProject section */

/* Begin PBXResourcesBuildPhase section */
		E381C2391E33D84600560457 /* Resources */ = {
			isa = PBXResourcesBuildPhase;
			buildActionMask = 2147483647;
			files = (
				E37F2ADF1E79CBD000F50243 /* CompleteRegisterViewController.xib in Resources */,
				E34439AC1E3767AF00493600 /* MapaViewController.xib in Resources */,
				E3C41F821E37746800DD5975 /* ToyCollectionViewCell.xib in Resources */,
				E33973A31E7D112400EEF5E3 /* ProductDetailViewController.xib in Resources */,
				E35B2C1D1E4BBC6E00860E7E /* CollectionViewController.xib in Resources */,
				E3C41F861E37787900DD5975 /* ProductsViewController.xib in Resources */,
				E3ECFBD51E35097D00604344 /* LogInViewController.xib in Resources */,
				E3243FA51E36176F00AC2921 /* RegisterViewController.xib in Resources */,
				E34439B01E3767BE00493600 /* NuevoViewController.xib in Resources */,
				E34439B41E3767CE00493600 /* NotifsViewController.xib in Resources */,
				E34439B81E3767DB00493600 /* PerfilViewController.xib in Resources */,
				E34439BC1E37692B00493600 /* SearchViewController.xib in Resources */,
				E37096F71E3D4D1A0097F7CA /* FilterTableViewController.xib in Resources */,
				E381C24C1E33D84600560457 /* LaunchScreen.storyboard in Resources */,
				E381C2491E33D84600560457 /* Assets.xcassets in Resources */,
				E381C2441E33D84600560457 /* Main.storyboard in Resources */,
			);
			runOnlyForDeploymentPostprocessing = 0;
		};
		E381C2501E33D84700560457 /* Resources */ = {
			isa = PBXResourcesBuildPhase;
			buildActionMask = 2147483647;
			files = (
			);
			runOnlyForDeploymentPostprocessing = 0;
		};
		E381C25B1E33D84700560457 /* Resources */ = {
			isa = PBXResourcesBuildPhase;
			buildActionMask = 2147483647;
			files = (
			);
			runOnlyForDeploymentPostprocessing = 0;
		};
/* End PBXResourcesBuildPhase section */

/* Begin PBXShellScriptBuildPhase section */
		2B8A420694E7FD2925F641DC /* [CP] Check Pods Manifest.lock */ = {
			isa = PBXShellScriptBuildPhase;
			buildActionMask = 2147483647;
			files = (
			);
			inputPaths = (
			);
			name = "[CP] Check Pods Manifest.lock";
			outputPaths = (
			);
			runOnlyForDeploymentPostprocessing = 0;
			shellPath = /bin/sh;
			shellScript = "diff \"${PODS_ROOT}/../Podfile.lock\" \"${PODS_ROOT}/Manifest.lock\" > /dev/null\nif [ $? != 0 ] ; then\n    # print error to STDERR\n    echo \"error: The sandbox is not in sync with the Podfile.lock. Run 'pod install' or update your CocoaPods installation.\" >&2\n    exit 1\nfi\n";
			showEnvVarsInLog = 0;
		};
		489322C34CCC07BCE47EB2B5 /* [CP] Embed Pods Frameworks */ = {
			isa = PBXShellScriptBuildPhase;
			buildActionMask = 2147483647;
			files = (
			);
			inputPaths = (
			);
			name = "[CP] Embed Pods Frameworks";
			outputPaths = (
			);
			runOnlyForDeploymentPostprocessing = 0;
			shellPath = /bin/sh;
			shellScript = "\"${SRCROOT}/Pods/Target Support Files/Pods-toyguay_iOSTests/Pods-toyguay_iOSTests-frameworks.sh\"\n";
			showEnvVarsInLog = 0;
		};
		4B4E4DBAE1D00688CF60A306 /* [CP] Embed Pods Frameworks */ = {
			isa = PBXShellScriptBuildPhase;
			buildActionMask = 2147483647;
			files = (
			);
			inputPaths = (
			);
			name = "[CP] Embed Pods Frameworks";
			outputPaths = (
			);
			runOnlyForDeploymentPostprocessing = 0;
			shellPath = /bin/sh;
			shellScript = "\"${SRCROOT}/Pods/Target Support Files/Pods-toyguay_iOS/Pods-toyguay_iOS-frameworks.sh\"\n";
			showEnvVarsInLog = 0;
		};
		5AFFA134B2213CF238A18DA9 /* [CP] Check Pods Manifest.lock */ = {
			isa = PBXShellScriptBuildPhase;
			buildActionMask = 2147483647;
			files = (
			);
			inputPaths = (
			);
			name = "[CP] Check Pods Manifest.lock";
			outputPaths = (
			);
			runOnlyForDeploymentPostprocessing = 0;
			shellPath = /bin/sh;
			shellScript = "diff \"${PODS_ROOT}/../Podfile.lock\" \"${PODS_ROOT}/Manifest.lock\" > /dev/null\nif [ $? != 0 ] ; then\n    # print error to STDERR\n    echo \"error: The sandbox is not in sync with the Podfile.lock. Run 'pod install' or update your CocoaPods installation.\" >&2\n    exit 1\nfi\n";
			showEnvVarsInLog = 0;
		};
		73566DA544E0B25C6E69961F /* [CP] Copy Pods Resources */ = {
			isa = PBXShellScriptBuildPhase;
			buildActionMask = 2147483647;
			files = (
			);
			inputPaths = (
			);
			name = "[CP] Copy Pods Resources";
			outputPaths = (
			);
			runOnlyForDeploymentPostprocessing = 0;
			shellPath = /bin/sh;
			shellScript = "\"${SRCROOT}/Pods/Target Support Files/Pods-toyguay_iOSUITests/Pods-toyguay_iOSUITests-resources.sh\"\n";
			showEnvVarsInLog = 0;
		};
		73691217828C17A00143B23D /* [CP] Embed Pods Frameworks */ = {
			isa = PBXShellScriptBuildPhase;
			buildActionMask = 2147483647;
			files = (
			);
			inputPaths = (
			);
			name = "[CP] Embed Pods Frameworks";
			outputPaths = (
			);
			runOnlyForDeploymentPostprocessing = 0;
			shellPath = /bin/sh;
			shellScript = "\"${SRCROOT}/Pods/Target Support Files/Pods-toyguay_iOSUITests/Pods-toyguay_iOSUITests-frameworks.sh\"\n";
			showEnvVarsInLog = 0;
		};
		7A92527FA3D8E680E355E982 /* [CP] Check Pods Manifest.lock */ = {
			isa = PBXShellScriptBuildPhase;
			buildActionMask = 2147483647;
			files = (
			);
			inputPaths = (
			);
			name = "[CP] Check Pods Manifest.lock";
			outputPaths = (
			);
			runOnlyForDeploymentPostprocessing = 0;
			shellPath = /bin/sh;
			shellScript = "diff \"${PODS_ROOT}/../Podfile.lock\" \"${PODS_ROOT}/Manifest.lock\" > /dev/null\nif [ $? != 0 ] ; then\n    # print error to STDERR\n    echo \"error: The sandbox is not in sync with the Podfile.lock. Run 'pod install' or update your CocoaPods installation.\" >&2\n    exit 1\nfi\n";
			showEnvVarsInLog = 0;
		};
		BDF753206127F7058412EFD9 /* [CP] Copy Pods Resources */ = {
			isa = PBXShellScriptBuildPhase;
			buildActionMask = 2147483647;
			files = (
			);
			inputPaths = (
			);
			name = "[CP] Copy Pods Resources";
			outputPaths = (
			);
			runOnlyForDeploymentPostprocessing = 0;
			shellPath = /bin/sh;
			shellScript = "\"${SRCROOT}/Pods/Target Support Files/Pods-toyguay_iOS/Pods-toyguay_iOS-resources.sh\"\n";
			showEnvVarsInLog = 0;
		};
		D7DEA0D407DBD9508F41D841 /* [CP] Copy Pods Resources */ = {
			isa = PBXShellScriptBuildPhase;
			buildActionMask = 2147483647;
			files = (
			);
			inputPaths = (
			);
			name = "[CP] Copy Pods Resources";
			outputPaths = (
			);
			runOnlyForDeploymentPostprocessing = 0;
			shellPath = /bin/sh;
			shellScript = "\"${SRCROOT}/Pods/Target Support Files/Pods-toyguay_iOSTests/Pods-toyguay_iOSTests-resources.sh\"\n";
			showEnvVarsInLog = 0;
		};
/* End PBXShellScriptBuildPhase section */

/* Begin PBXSourcesBuildPhase section */
		E381C2371E33D84600560457 /* Sources */ = {
			isa = PBXSourcesBuildPhase;
			buildActionMask = 2147483647;
			files = (
				E34439AF1E3767BE00493600 /* NuevoViewController.swift in Sources */,
				E3752D191E7727D700D44196 /* LoginService.swift in Sources */,
				E368FAF11E5072360092BCDC /* Search+CoreDataClass.swift in Sources */,
				E3E79F0B1E508D2200C380B3 /* Category+CoreDataProperties.swift in Sources */,
				E3C41F811E37746800DD5975 /* ToyCollectionViewCell.swift in Sources */,
				E34439BB1E37692B00493600 /* SearchViewController.swift in Sources */,
				E368FAF31E5072360092BCDC /* Transaction+CoreDataClass.swift in Sources */,
				E368FAF51E5072360092BCDC /* ToyCategory+CoreDataClass.swift in Sources */,
				E39C88811E7FB2EC0091A1F0 /* SearchUploadable.swift in Sources */,
				E3B37A971E4F6D3600DD2B03 /* ToyCollectionView.swift in Sources */,
				E3B6CCA71E74AC1700271A3B /* ToyService.swift in Sources */,
				E35B2C1C1E4BBC6E00860E7E /* CollectionViewController.swift in Sources */,
				E368FAF71E5072360092BCDC /* Category+CoreDataClass.swift in Sources */,
				E3ECFBD41E35097D00604344 /* LogInViewController.swift in Sources */,
				E3243FA41E36176F00AC2921 /* RegisterViewController.swift in Sources */,
				E3752D1B1E77297E00D44196 /* LoginDownloadable.swift in Sources */,
				E368FAFA1E5074F30092BCDC /* CoreDataStack.swift in Sources */,
				E372E8CB1E789C9900D44375 /* User.swift in Sources */,
				E34439B71E3767DB00493600 /* PerfilViewController.swift in Sources */,
				E3B6CCA11E74A4B200271A3B /* Downloadable.swift in Sources */,
				E37F2AD91E79C55D00F50243 /* RegisterDownloadable.swift in Sources */,
				E368FB151E507AF90092BCDC /* Search+CoreDataProperties.swift in Sources */,
				E37F2ADE1E79CBD000F50243 /* CompleteRegisterViewController.swift in Sources */,
				E368FB121E507AF90092BCDC /* ToyCategory+CoreDataProperties.swift in Sources */,
				E3C41F851E37787900DD5975 /* ProductsViewController.swift in Sources */,
				E368FAFE1E5075A70092BCDC /* CoreDataTableViewController.swift in Sources */,
				E381C2471E33D84600560457 /* toyguay_iOS.xcdatamodeld in Sources */,
				E368FB141E507AF90092BCDC /* Transaction+CoreDataProperties.swift in Sources */,
				E3C41F881E377AA000DD5975 /* GridLayout.swift in Sources */,
				E33973A21E7D112400EEF5E3 /* ProductDetailViewController.swift in Sources */,
				E3B6CCA51E74A8EC00271A3B /* ToyData.swift in Sources */,
				E3B6CCA31E74A4EF00271A3B /* ToyDownloadable.swift in Sources */,
				E34439AB1E3767AF00493600 /* MapaViewController.swift in Sources */,
				E37096F61E3D4D1A0097F7CA /* FilterTableViewController.swift in Sources */,
				E34439B31E3767CE00493600 /* NotifsViewController.swift in Sources */,
				E381C2411E33D84600560457 /* ViewController.swift in Sources */,
				E368FAE31E5070EB0092BCDC /* Toy+CoreDataClass.swift in Sources */,
				E368FB111E507AF90092BCDC /* Toy+CoreDataProperties.swift in Sources */,
				E3764BDA1E7C89310014C1CD /* ToyUploadable.swift in Sources */,
				E381C23F1E33D84600560457 /* AppDelegate.swift in Sources */,
				E368FAEF1E5072360092BCDC /* Image+CoreDataClass.swift in Sources */,
				E368FAFD1E5075A70092BCDC /* CoreDataCollectionViewController.swift in Sources */,
				E368FB131E507AF90092BCDC /* Image+CoreDataProperties.swift in Sources */,
				E3B6CCA91E74AC4100271A3B /* ServiceStatus.swift in Sources */,
			);
			runOnlyForDeploymentPostprocessing = 0;
		};
		E381C24E1E33D84700560457 /* Sources */ = {
			isa = PBXSourcesBuildPhase;
			buildActionMask = 2147483647;
			files = (
				E381C2571E33D84700560457 /* toyguay_iOSTests.swift in Sources */,
			);
			runOnlyForDeploymentPostprocessing = 0;
		};
		E381C2591E33D84700560457 /* Sources */ = {
			isa = PBXSourcesBuildPhase;
			buildActionMask = 2147483647;
			files = (
				E381C2621E33D84700560457 /* toyguay_iOSUITests.swift in Sources */,
			);
			runOnlyForDeploymentPostprocessing = 0;
		};
/* End PBXSourcesBuildPhase section */

/* Begin PBXTargetDependency section */
		E381C2541E33D84700560457 /* PBXTargetDependency */ = {
			isa = PBXTargetDependency;
			target = E381C23A1E33D84600560457 /* toyguay_iOS */;
			targetProxy = E381C2531E33D84700560457 /* PBXContainerItemProxy */;
		};
		E381C25F1E33D84700560457 /* PBXTargetDependency */ = {
			isa = PBXTargetDependency;
			target = E381C23A1E33D84600560457 /* toyguay_iOS */;
			targetProxy = E381C25E1E33D84700560457 /* PBXContainerItemProxy */;
		};
/* End PBXTargetDependency section */

/* Begin PBXVariantGroup section */
		E381C2421E33D84600560457 /* Main.storyboard */ = {
			isa = PBXVariantGroup;
			children = (
				E381C2431E33D84600560457 /* Base */,
			);
			name = Main.storyboard;
			sourceTree = "<group>";
		};
		E381C24A1E33D84600560457 /* LaunchScreen.storyboard */ = {
			isa = PBXVariantGroup;
			children = (
				E381C24B1E33D84600560457 /* Base */,
			);
			name = LaunchScreen.storyboard;
			sourceTree = "<group>";
		};
/* End PBXVariantGroup section */

/* Begin XCBuildConfiguration section */
		E381C2641E33D84700560457 /* Debug */ = {
			isa = XCBuildConfiguration;
			buildSettings = {
				ALWAYS_SEARCH_USER_PATHS = NO;
				CLANG_ANALYZER_NONNULL = YES;
				CLANG_CXX_LANGUAGE_STANDARD = "gnu++0x";
				CLANG_CXX_LIBRARY = "libc++";
				CLANG_ENABLE_MODULES = YES;
				CLANG_ENABLE_OBJC_ARC = YES;
				CLANG_WARN_BOOL_CONVERSION = YES;
				CLANG_WARN_CONSTANT_CONVERSION = YES;
				CLANG_WARN_DIRECT_OBJC_ISA_USAGE = YES_ERROR;
				CLANG_WARN_DOCUMENTATION_COMMENTS = YES;
				CLANG_WARN_EMPTY_BODY = YES;
				CLANG_WARN_ENUM_CONVERSION = YES;
				CLANG_WARN_INFINITE_RECURSION = YES;
				CLANG_WARN_INT_CONVERSION = YES;
				CLANG_WARN_OBJC_ROOT_CLASS = YES_ERROR;
				CLANG_WARN_SUSPICIOUS_MOVE = YES;
				CLANG_WARN_UNREACHABLE_CODE = YES;
				CLANG_WARN__DUPLICATE_METHOD_MATCH = YES;
				"CODE_SIGN_IDENTITY[sdk=iphoneos*]" = "iPhone Developer";
				COPY_PHASE_STRIP = NO;
				DEBUG_INFORMATION_FORMAT = dwarf;
				ENABLE_STRICT_OBJC_MSGSEND = YES;
				ENABLE_TESTABILITY = YES;
				GCC_C_LANGUAGE_STANDARD = gnu99;
				GCC_DYNAMIC_NO_PIC = NO;
				GCC_NO_COMMON_BLOCKS = YES;
				GCC_OPTIMIZATION_LEVEL = 0;
				GCC_PREPROCESSOR_DEFINITIONS = (
					"DEBUG=1",
					"$(inherited)",
				);
				GCC_WARN_64_TO_32_BIT_CONVERSION = YES;
				GCC_WARN_ABOUT_RETURN_TYPE = YES_ERROR;
				GCC_WARN_UNDECLARED_SELECTOR = YES;
				GCC_WARN_UNINITIALIZED_AUTOS = YES_AGGRESSIVE;
				GCC_WARN_UNUSED_FUNCTION = YES;
				GCC_WARN_UNUSED_VARIABLE = YES;
				IPHONEOS_DEPLOYMENT_TARGET = 10.2;
				MTL_ENABLE_DEBUG_INFO = YES;
				ONLY_ACTIVE_ARCH = YES;
				SDKROOT = iphoneos;
				SWIFT_ACTIVE_COMPILATION_CONDITIONS = DEBUG;
				SWIFT_OPTIMIZATION_LEVEL = "-Onone";
				TARGETED_DEVICE_FAMILY = "1,2";
			};
			name = Debug;
		};
		E381C2651E33D84700560457 /* Release */ = {
			isa = XCBuildConfiguration;
			buildSettings = {
				ALWAYS_SEARCH_USER_PATHS = NO;
				CLANG_ANALYZER_NONNULL = YES;
				CLANG_CXX_LANGUAGE_STANDARD = "gnu++0x";
				CLANG_CXX_LIBRARY = "libc++";
				CLANG_ENABLE_MODULES = YES;
				CLANG_ENABLE_OBJC_ARC = YES;
				CLANG_WARN_BOOL_CONVERSION = YES;
				CLANG_WARN_CONSTANT_CONVERSION = YES;
				CLANG_WARN_DIRECT_OBJC_ISA_USAGE = YES_ERROR;
				CLANG_WARN_DOCUMENTATION_COMMENTS = YES;
				CLANG_WARN_EMPTY_BODY = YES;
				CLANG_WARN_ENUM_CONVERSION = YES;
				CLANG_WARN_INFINITE_RECURSION = YES;
				CLANG_WARN_INT_CONVERSION = YES;
				CLANG_WARN_OBJC_ROOT_CLASS = YES_ERROR;
				CLANG_WARN_SUSPICIOUS_MOVE = YES;
				CLANG_WARN_UNREACHABLE_CODE = YES;
				CLANG_WARN__DUPLICATE_METHOD_MATCH = YES;
				"CODE_SIGN_IDENTITY[sdk=iphoneos*]" = "iPhone Developer";
				COPY_PHASE_STRIP = NO;
				DEBUG_INFORMATION_FORMAT = "dwarf-with-dsym";
				ENABLE_NS_ASSERTIONS = NO;
				ENABLE_STRICT_OBJC_MSGSEND = YES;
				GCC_C_LANGUAGE_STANDARD = gnu99;
				GCC_NO_COMMON_BLOCKS = YES;
				GCC_WARN_64_TO_32_BIT_CONVERSION = YES;
				GCC_WARN_ABOUT_RETURN_TYPE = YES_ERROR;
				GCC_WARN_UNDECLARED_SELECTOR = YES;
				GCC_WARN_UNINITIALIZED_AUTOS = YES_AGGRESSIVE;
				GCC_WARN_UNUSED_FUNCTION = YES;
				GCC_WARN_UNUSED_VARIABLE = YES;
				IPHONEOS_DEPLOYMENT_TARGET = 10.2;
				MTL_ENABLE_DEBUG_INFO = NO;
				SDKROOT = iphoneos;
				SWIFT_OPTIMIZATION_LEVEL = "-Owholemodule";
				TARGETED_DEVICE_FAMILY = "1,2";
				VALIDATE_PRODUCT = YES;
			};
			name = Release;
		};
		E381C2671E33D84700560457 /* Debug */ = {
			isa = XCBuildConfiguration;
			baseConfigurationReference = 4DB30229A17984CD367B67F1 /* Pods-toyguay_iOS.debug.xcconfig */;
			buildSettings = {
				ASSETCATALOG_COMPILER_APPICON_NAME = AppIcon;
				CODE_SIGN_ENTITLEMENTS = toyguay_iOS/toyguay_iOS.entitlements;
				DEVELOPMENT_TEAM = 6ST72RTMK9;
				FRAMEWORK_SEARCH_PATHS = (
					"$(inherited)",
					"$(PROJECT_DIR)",
				);
				INFOPLIST_FILE = toyguay_iOS/Info.plist;
				LD_RUNPATH_SEARCH_PATHS = "$(inherited) @executable_path/Frameworks";
				PRODUCT_BUNDLE_IDENTIFIER = "TheBardals.toyguay-iOS";
				PRODUCT_NAME = "$(TARGET_NAME)";
				SWIFT_VERSION = 3.0;
			};
			name = Debug;
		};
		E381C2681E33D84700560457 /* Release */ = {
			isa = XCBuildConfiguration;
			baseConfigurationReference = D31CAAB3E93F39D002893E91 /* Pods-toyguay_iOS.release.xcconfig */;
			buildSettings = {
				ASSETCATALOG_COMPILER_APPICON_NAME = AppIcon;
				CODE_SIGN_ENTITLEMENTS = toyguay_iOS/toyguay_iOS.entitlements;
				DEVELOPMENT_TEAM = 6ST72RTMK9;
				FRAMEWORK_SEARCH_PATHS = (
					"$(inherited)",
					"$(PROJECT_DIR)",
				);
				INFOPLIST_FILE = toyguay_iOS/Info.plist;
				LD_RUNPATH_SEARCH_PATHS = "$(inherited) @executable_path/Frameworks";
				PRODUCT_BUNDLE_IDENTIFIER = "TheBardals.toyguay-iOS";
				PRODUCT_NAME = "$(TARGET_NAME)";
				SWIFT_VERSION = 3.0;
			};
			name = Release;
		};
		E381C26A1E33D84700560457 /* Debug */ = {
			isa = XCBuildConfiguration;
			baseConfigurationReference = 7AC272C28E065C43E9D72014 /* Pods-toyguay_iOSTests.debug.xcconfig */;
			buildSettings = {
				ALWAYS_EMBED_SWIFT_STANDARD_LIBRARIES = YES;
				BUNDLE_LOADER = "$(TEST_HOST)";
				DEVELOPMENT_TEAM = 6ST72RTMK9;
				INFOPLIST_FILE = toyguay_iOSTests/Info.plist;
				LD_RUNPATH_SEARCH_PATHS = "$(inherited) @executable_path/Frameworks @loader_path/Frameworks";
				PRODUCT_BUNDLE_IDENTIFIER = "TheBardals.toyguay-iOSTests";
				PRODUCT_NAME = "$(TARGET_NAME)";
				SWIFT_VERSION = 3.0;
				TEST_HOST = "$(BUILT_PRODUCTS_DIR)/toyguay_iOS.app/toyguay_iOS";
			};
			name = Debug;
		};
		E381C26B1E33D84700560457 /* Release */ = {
			isa = XCBuildConfiguration;
			baseConfigurationReference = 7A9E6547060655A5D2654C24 /* Pods-toyguay_iOSTests.release.xcconfig */;
			buildSettings = {
				ALWAYS_EMBED_SWIFT_STANDARD_LIBRARIES = YES;
				BUNDLE_LOADER = "$(TEST_HOST)";
				DEVELOPMENT_TEAM = 6ST72RTMK9;
				INFOPLIST_FILE = toyguay_iOSTests/Info.plist;
				LD_RUNPATH_SEARCH_PATHS = "$(inherited) @executable_path/Frameworks @loader_path/Frameworks";
				PRODUCT_BUNDLE_IDENTIFIER = "TheBardals.toyguay-iOSTests";
				PRODUCT_NAME = "$(TARGET_NAME)";
				SWIFT_VERSION = 3.0;
				TEST_HOST = "$(BUILT_PRODUCTS_DIR)/toyguay_iOS.app/toyguay_iOS";
			};
			name = Release;
		};
		E381C26D1E33D84700560457 /* Debug */ = {
			isa = XCBuildConfiguration;
			baseConfigurationReference = CE6B2B3996FEAAF84815FB3A /* Pods-toyguay_iOSUITests.debug.xcconfig */;
			buildSettings = {
				ALWAYS_EMBED_SWIFT_STANDARD_LIBRARIES = YES;
				DEVELOPMENT_TEAM = 6ST72RTMK9;
				INFOPLIST_FILE = toyguay_iOSUITests/Info.plist;
				LD_RUNPATH_SEARCH_PATHS = "$(inherited) @executable_path/Frameworks @loader_path/Frameworks";
				PRODUCT_BUNDLE_IDENTIFIER = "TheBardals.toyguay-iOSUITests";
				PRODUCT_NAME = "$(TARGET_NAME)";
				SWIFT_VERSION = 3.0;
				TEST_TARGET_NAME = toyguay_iOS;
			};
			name = Debug;
		};
		E381C26E1E33D84700560457 /* Release */ = {
			isa = XCBuildConfiguration;
			baseConfigurationReference = 30BE56114BF428343648DE59 /* Pods-toyguay_iOSUITests.release.xcconfig */;
			buildSettings = {
				ALWAYS_EMBED_SWIFT_STANDARD_LIBRARIES = YES;
				DEVELOPMENT_TEAM = 6ST72RTMK9;
				INFOPLIST_FILE = toyguay_iOSUITests/Info.plist;
				LD_RUNPATH_SEARCH_PATHS = "$(inherited) @executable_path/Frameworks @loader_path/Frameworks";
				PRODUCT_BUNDLE_IDENTIFIER = "TheBardals.toyguay-iOSUITests";
				PRODUCT_NAME = "$(TARGET_NAME)";
				SWIFT_VERSION = 3.0;
				TEST_TARGET_NAME = toyguay_iOS;
			};
			name = Release;
		};
/* End XCBuildConfiguration section */

/* Begin XCConfigurationList section */
		E381C2361E33D84600560457 /* Build configuration list for PBXProject "toyguay_iOS" */ = {
			isa = XCConfigurationList;
			buildConfigurations = (
				E381C2641E33D84700560457 /* Debug */,
				E381C2651E33D84700560457 /* Release */,
			);
			defaultConfigurationIsVisible = 0;
			defaultConfigurationName = Release;
		};
		E381C2661E33D84700560457 /* Build configuration list for PBXNativeTarget "toyguay_iOS" */ = {
			isa = XCConfigurationList;
			buildConfigurations = (
				E381C2671E33D84700560457 /* Debug */,
				E381C2681E33D84700560457 /* Release */,
			);
			defaultConfigurationIsVisible = 0;
			defaultConfigurationName = Release;
		};
		E381C2691E33D84700560457 /* Build configuration list for PBXNativeTarget "toyguay_iOSTests" */ = {
			isa = XCConfigurationList;
			buildConfigurations = (
				E381C26A1E33D84700560457 /* Debug */,
				E381C26B1E33D84700560457 /* Release */,
			);
			defaultConfigurationIsVisible = 0;
			defaultConfigurationName = Release;
		};
		E381C26C1E33D84700560457 /* Build configuration list for PBXNativeTarget "toyguay_iOSUITests" */ = {
			isa = XCConfigurationList;
			buildConfigurations = (
				E381C26D1E33D84700560457 /* Debug */,
				E381C26E1E33D84700560457 /* Release */,
			);
			defaultConfigurationIsVisible = 0;
			defaultConfigurationName = Release;
		};
/* End XCConfigurationList section */

/* Begin XCVersionGroup section */
		E381C2451E33D84600560457 /* toyguay_iOS.xcdatamodeld */ = {
			isa = XCVersionGroup;
			children = (
				E381C2461E33D84600560457 /* toyguay_iOS.xcdatamodel */,
			);
			currentVersion = E381C2461E33D84600560457 /* toyguay_iOS.xcdatamodel */;
			path = toyguay_iOS.xcdatamodeld;
			sourceTree = "<group>";
			versionGroupType = wrapper.xcdatamodel;
		};
/* End XCVersionGroup section */
	};
	rootObject = E381C2331E33D84600560457 /* Project object */;
}
